
Microsoft Visual Studio Solution File, Format Version 12.00
# Visual Studio Version 17
VisualStudioVersion = 17.3.32819.101
MinimumVisualStudioVersion = 10.0.40219.1
Project("{FAE04EC0-301F-11D3-BF4B-00C04F79EFBC}") = "OdinsPizzaJoint", "OdinsPizzaJoint\OdinsPizzaJoint.csproj", "{350FB74E-7B74-44B6-A38A-D90E6F7FBEEE}"
EndProject
Global
	GlobalSection(SolutionConfigurationPlatforms) = preSolution
		Debug|Any CPU = Debug|Any CPU
		Release|Any CPU = Release|Any CPU
	EndGlobalSection
	GlobalSection(ProjectConfigurationPlatforms) = postSolution
		{350FB74E-7B74-44B6-A38A-D90E6F7FBEEE}.Debug|Any CPU.ActiveCfg = Debug|Any CPU
		{350FB74E-7B74-44B6-A38A-D90E6F7FBEEE}.Debug|Any CPU.Build.0 = Debug|Any CPU
		{350FB74E-7B74-44B6-A38A-D90E6F7FBEEE}.Release|Any CPU.ActiveCfg = Release|Any CPU
		{350FB74E-7B74-44B6-A38A-D90E6F7FBEEE}.Release|Any CPU.Build.0 = Release|Any CPU
	EndGlobalSection
	GlobalSection(SolutionProperties) = preSolution
		HideSolutionNode = FALSE
	EndGlobalSection
	GlobalSection(ExtensibilityGlobals) = postSolution
		SolutionGuid = {FF91A43D-B803-44C3-9605-743DD0ADC84A}
	EndGlobalSection
EndGlobal
